{
  "requires": true,
  "lockfileVersion": 1,
  "dependencies": {
"@ng-bootstrap/ng-bootstrap": {
      "version": "6.0.0",
      "resolved": "https://registry.npmjs.org/@ng-bootstrap/ng-bootstrap/-/ng-bootstrap-6.0.0.tgz",
      "integrity": "sha512-ho0Ssw+kwpGzc+Rvtu2pRSrcbduECMf9+uekhOMB1nzhUfF2vJQnTDpPfHZQgU/ukTMEJWvby5vcXJoPtHgE+w=='

    "ngx-mask": {
      "version": "8.1.7",
      "resolved": "https://registry.npmjs.org/ngx-mask/-/ngx-mask-8.1.7.tgz",
      "integrity": "sha512-hCBH416Lf1DNu/lnMrlpaC3an69RPfp8m36O19+Rz3/rdH8ndHkVAbcGvSyOffh74Ri7Zs+qeUzsFpFq2A5CWQ==",
      "requires": {
        "tslib": "^1.9.0"
      }
    },
    "tslib": {
      "version": "1.11.1",
      "resolved": "https://registry.npmjs.org/tslib/-/tslib-1.11.1.tgz",
      "integrity": "sha512-aZW88SY8kQbU7gpV19lN24LtXh/yD4ZZg6qieAJDDg+YBsJcSmLGK9QpnUjAKVG/xefmvJGd1WUmfpT/g6AJGA=="
    }
  }
}
